// !$*UTF8*$!
{
	archiveVersion = 1;
	classes = {
	};
	objectVersion = 51;
	objects = {

/* Begin PBXBuildFile section */
		424427D9240EC88A00876680 /* SignInViewController.swift in Sources */ = {isa = PBXBuildFile; fileRef = 424427D8240EC88A00876680 /* SignInViewController.swift */; };
		424427DB240EC9A200876680 /* UIViewControllerExtension.swift in Sources */ = {isa = PBXBuildFile; fileRef = 424427DA240EC9A200876680 /* UIViewControllerExtension.swift */; };
		424427DD240ED4E400876680 /* DatosFisicosViewController.swift in Sources */ = {isa = PBXBuildFile; fileRef = 424427DC240ED4E400876680 /* DatosFisicosViewController.swift */; };
		424427DF240EDC8100876680 /* RegisterViewController.swift in Sources */ = {isa = PBXBuildFile; fileRef = 424427DE240EDC8100876680 /* RegisterViewController.swift */; };
		424D6E0F240432D4007CB6C2 /* ProfileController.swift in Sources */ = {isa = PBXBuildFile; fileRef = 424D6E0E240432D4007CB6C2 /* ProfileController.swift */; };
		424D6E122404593D007CB6C2 /* EditProfileController.swift in Sources */ = {isa = PBXBuildFile; fileRef = 424D6E112404593D007CB6C2 /* EditProfileController.swift */; };
		7D56BBDF23F46EB400E1080A /* AppDelegate.swift in Sources */ = {isa = PBXBuildFile; fileRef = 7D56BBDE23F46EB400E1080A /* AppDelegate.swift */; };
		7D56BBE123F46EB400E1080A /* SceneDelegate.swift in Sources */ = {isa = PBXBuildFile; fileRef = 7D56BBE023F46EB400E1080A /* SceneDelegate.swift */; };
		7D56BBE323F46EB400E1080A /* ViewController.swift in Sources */ = {isa = PBXBuildFile; fileRef = 7D56BBE223F46EB400E1080A /* ViewController.swift */; };
		7D56BBE623F46EB400E1080A /* Main.storyboard in Resources */ = {isa = PBXBuildFile; fileRef = 7D56BBE423F46EB400E1080A /* Main.storyboard */; };
		7D56BBEB23F46EB500E1080A /* Assets.xcassets in Resources */ = {isa = PBXBuildFile; fileRef = 7D56BBEA23F46EB500E1080A /* Assets.xcassets */; };
		7D56BBEE23F46EB500E1080A /* LaunchScreen.storyboard in Resources */ = {isa = PBXBuildFile; fileRef = 7D56BBEC23F46EB500E1080A /* LaunchScreen.storyboard */; };
		7D56BBF623F477DE00E1080A /* MapController.swift in Sources */ = {isa = PBXBuildFile; fileRef = 7D56BBF523F477DE00E1080A /* MapController.swift */; };
		7D81ACF023FD8DE5008DADF9 /* Place.swift in Sources */ = {isa = PBXBuildFile; fileRef = 7D81ACEF23FD8DE5008DADF9 /* Place.swift */; };
		7D81ACF623FDAFC1008DADF9 /* Ruta.xcdatamodeld in Sources */ = {isa = PBXBuildFile; fileRef = 7D81ACF423FDAFC1008DADF9 /* Ruta.xcdatamodeld */; };
		7DBD07BE2406D38200B68FC4 /* Training.swift in Sources */ = {isa = PBXBuildFile; fileRef = 7DBD07BD2406D38200B68FC4 /* Training.swift */; };
		7DBD07C02406E88A00B68FC4 /* HistorialViewController.swift in Sources */ = {isa = PBXBuildFile; fileRef = 7DBD07BF2406E88A00B68FC4 /* HistorialViewController.swift */; };
		7DBD07C42406FD0500B68FC4 /* DetailViewController.swift in Sources */ = {isa = PBXBuildFile; fileRef = 7DBD07C32406FD0500B68FC4 /* DetailViewController.swift */; };
		B1531D8B823EA6FED5737726 /* Pods_RunTracker.framework in Frameworks */ = {isa = PBXBuildFile; fileRef = AA509914603862CC6D868233 /* Pods_RunTracker.framework */; };
		C732EE90240FEE89006715A9 /* Sonidos.swift in Sources */ = {isa = PBXBuildFile; fileRef = C732EE8F240FEE89006715A9 /* Sonidos.swift */; };
		C735205C2406C523001D313B /* SettingsController.swift in Sources */ = {isa = PBXBuildFile; fileRef = C735205B2406C523001D313B /* SettingsController.swift */; };
		C73520612406F035001D313B /* CadenciaController.swift in Sources */ = {isa = PBXBuildFile; fileRef = C73520602406F035001D313B /* CadenciaController.swift */; };
		C73520632406F4DB001D313B /* IntervalosController.swift in Sources */ = {isa = PBXBuildFile; fileRef = C73520622406F4DB001D313B /* IntervalosController.swift */; };
		C73520652406F52C001D313B /* PrecisionController.swift in Sources */ = {isa = PBXBuildFile; fileRef = C73520642406F52C001D313B /* PrecisionController.swift */; };
		C73520672406F693001D313B /* BandaController.swift in Sources */ = {isa = PBXBuildFile; fileRef = C73520662406F693001D313B /* BandaController.swift */; };
		C7F991BE240FFCDB000AB3AB /* fast-action.mp3 in Resources */ = {isa = PBXBuildFile; fileRef = C7F991BB240FFCDB000AB3AB /* fast-action.mp3 */; };
		C7F991BF240FFCDB000AB3AB /* iphone_notification.mp3 in Resources */ = {isa = PBXBuildFile; fileRef = C7F991BC240FFCDB000AB3AB /* iphone_notification.mp3 */; };
		C7F991C0240FFCDB000AB3AB /* eventually.mp3 in Resources */ = {isa = PBXBuildFile; fileRef = C7F991BD240FFCDB000AB3AB /* eventually.mp3 */; };
/* End PBXBuildFile section */

/* Begin PBXFileReference section */
		424427D8240EC88A00876680 /* SignInViewController.swift */ = {isa = PBXFileReference; lastKnownFileType = sourcecode.swift; path = SignInViewController.swift; sourceTree = "<group>"; };
		424427DA240EC9A200876680 /* UIViewControllerExtension.swift */ = {isa = PBXFileReference; lastKnownFileType = sourcecode.swift; path = UIViewControllerExtension.swift; sourceTree = "<group>"; };
		424427DC240ED4E400876680 /* DatosFisicosViewController.swift */ = {isa = PBXFileReference; lastKnownFileType = sourcecode.swift; path = DatosFisicosViewController.swift; sourceTree = "<group>"; };
		424427DE240EDC8100876680 /* RegisterViewController.swift */ = {isa = PBXFileReference; lastKnownFileType = sourcecode.swift; path = RegisterViewController.swift; sourceTree = "<group>"; };
		424D6E0E240432D4007CB6C2 /* ProfileController.swift */ = {isa = PBXFileReference; lastKnownFileType = sourcecode.swift; path = ProfileController.swift; sourceTree = "<group>"; };
		424D6E112404593D007CB6C2 /* EditProfileController.swift */ = {isa = PBXFileReference; lastKnownFileType = sourcecode.swift; path = EditProfileController.swift; sourceTree = "<group>"; };
		7D56BBDB23F46EB400E1080A /* RunTracker.app */ = {isa = PBXFileReference; explicitFileType = wrapper.application; includeInIndex = 0; path = RunTracker.app; sourceTree = BUILT_PRODUCTS_DIR; };
		7D56BBDE23F46EB400E1080A /* AppDelegate.swift */ = {isa = PBXFileReference; lastKnownFileType = sourcecode.swift; path = AppDelegate.swift; sourceTree = "<group>"; };
		7D56BBE023F46EB400E1080A /* SceneDelegate.swift */ = {isa = PBXFileReference; lastKnownFileType = sourcecode.swift; path = SceneDelegate.swift; sourceTree = "<group>"; };
		7D56BBE223F46EB400E1080A /* ViewController.swift */ = {isa = PBXFileReference; lastKnownFileType = sourcecode.swift; path = ViewController.swift; sourceTree = "<group>"; };
		7D56BBE523F46EB400E1080A /* Base */ = {isa = PBXFileReference; lastKnownFileType = file.storyboard; name = Base; path = Base.lproj/Main.storyboard; sourceTree = "<group>"; };
		7D56BBEA23F46EB500E1080A /* Assets.xcassets */ = {isa = PBXFileReference; lastKnownFileType = folder.assetcatalog; path = Assets.xcassets; sourceTree = "<group>"; };
		7D56BBED23F46EB500E1080A /* Base */ = {isa = PBXFileReference; lastKnownFileType = file.storyboard; name = Base; path = Base.lproj/LaunchScreen.storyboard; sourceTree = "<group>"; };
		7D56BBEF23F46EB500E1080A /* Info.plist */ = {isa = PBXFileReference; lastKnownFileType = text.plist.xml; path = Info.plist; sourceTree = "<group>"; };
		7D56BBF523F477DE00E1080A /* MapController.swift */ = {isa = PBXFileReference; lastKnownFileType = sourcecode.swift; path = MapController.swift; sourceTree = "<group>"; };
		7D81ACEF23FD8DE5008DADF9 /* Place.swift */ = {isa = PBXFileReference; lastKnownFileType = sourcecode.swift; path = Place.swift; sourceTree = "<group>"; };
		7D81ACF523FDAFC1008DADF9 /* Ruta.xcdatamodel */ = {isa = PBXFileReference; lastKnownFileType = wrapper.xcdatamodel; path = Ruta.xcdatamodel; sourceTree = "<group>"; };
		7DBD07BD2406D38200B68FC4 /* Training.swift */ = {isa = PBXFileReference; lastKnownFileType = sourcecode.swift; path = Training.swift; sourceTree = "<group>"; };
		7DBD07BF2406E88A00B68FC4 /* HistorialViewController.swift */ = {isa = PBXFileReference; lastKnownFileType = sourcecode.swift; path = HistorialViewController.swift; sourceTree = "<group>"; };
		7DBD07C32406FD0500B68FC4 /* DetailViewController.swift */ = {isa = PBXFileReference; lastKnownFileType = sourcecode.swift; path = DetailViewController.swift; sourceTree = "<group>"; };
		8C8C1D5831741C00B889804D /* Pods-RunTracker.release.xcconfig */ = {isa = PBXFileReference; includeInIndex = 1; lastKnownFileType = text.xcconfig; name = "Pods-RunTracker.release.xcconfig"; path = "Target Support Files/Pods-RunTracker/Pods-RunTracker.release.xcconfig"; sourceTree = "<group>"; };
		AA509914603862CC6D868233 /* Pods_RunTracker.framework */ = {isa = PBXFileReference; explicitFileType = wrapper.framework; includeInIndex = 0; path = Pods_RunTracker.framework; sourceTree = BUILT_PRODUCTS_DIR; };
		C5A5ADA0EC1D350BE627E853 /* Pods-RunTracker.debug.xcconfig */ = {isa = PBXFileReference; includeInIndex = 1; lastKnownFileType = text.xcconfig; name = "Pods-RunTracker.debug.xcconfig"; path = "Target Support Files/Pods-RunTracker/Pods-RunTracker.debug.xcconfig"; sourceTree = "<group>"; };
		C732EE8F240FEE89006715A9 /* Sonidos.swift */ = {isa = PBXFileReference; lastKnownFileType = sourcecode.swift; path = Sonidos.swift; sourceTree = "<group>"; };
		C735205B2406C523001D313B /* SettingsController.swift */ = {isa = PBXFileReference; lastKnownFileType = sourcecode.swift; path = SettingsController.swift; sourceTree = "<group>"; };
		C73520602406F035001D313B /* CadenciaController.swift */ = {isa = PBXFileReference; lastKnownFileType = sourcecode.swift; path = CadenciaController.swift; sourceTree = "<group>"; };
		C73520622406F4DB001D313B /* IntervalosController.swift */ = {isa = PBXFileReference; lastKnownFileType = sourcecode.swift; path = IntervalosController.swift; sourceTree = "<group>"; };
		C73520642406F52C001D313B /* PrecisionController.swift */ = {isa = PBXFileReference; lastKnownFileType = sourcecode.swift; path = PrecisionController.swift; sourceTree = "<group>"; };
		C73520662406F693001D313B /* BandaController.swift */ = {isa = PBXFileReference; lastKnownFileType = sourcecode.swift; path = BandaController.swift; sourceTree = "<group>"; };
		C7F991BB240FFCDB000AB3AB /* fast-action.mp3 */ = {isa = PBXFileReference; lastKnownFileType = audio.mp3; path = "fast-action.mp3"; sourceTree = "<group>"; };
		C7F991BC240FFCDB000AB3AB /* iphone_notification.mp3 */ = {isa = PBXFileReference; lastKnownFileType = audio.mp3; path = iphone_notification.mp3; sourceTree = "<group>"; };
		C7F991BD240FFCDB000AB3AB /* eventually.mp3 */ = {isa = PBXFileReference; lastKnownFileType = audio.mp3; path = eventually.mp3; sourceTree = "<group>"; };
/* End PBXFileReference section */

/* Begin PBXFrameworksBuildPhase section */
		7D56BBD823F46EB400E1080A /* Frameworks */ = {
			isa = PBXFrameworksBuildPhase;
			buildActionMask = 2147483647;
			files = (
				B1531D8B823EA6FED5737726 /* Pods_RunTracker.framework in Frameworks */,
			);
			runOnlyForDeploymentPostprocessing = 0;
		};
/* End PBXFrameworksBuildPhase section */

/* Begin PBXGroup section */
		071A6E6B6EBF9CE34EF49154 /* Pods */ = {
			isa = PBXGroup;
			children = (
				C5A5ADA0EC1D350BE627E853 /* Pods-RunTracker.debug.xcconfig */,
				8C8C1D5831741C00B889804D /* Pods-RunTracker.release.xcconfig */,
			);
			path = Pods;
			sourceTree = "<group>";
		};
		29B3A2BDA82AFAA0EB6CFCD3 /* Frameworks */ = {
			isa = PBXGroup;
			children = (
				AA509914603862CC6D868233 /* Pods_RunTracker.framework */,
			);
			name = Frameworks;
			sourceTree = "<group>";
		};
		424D6E1024045771007CB6C2 /* Profile */ = {
			isa = PBXGroup;
			children = (
				424D6E0E240432D4007CB6C2 /* ProfileController.swift */,
				424D6E112404593D007CB6C2 /* EditProfileController.swift */,
				424427D8240EC88A00876680 /* SignInViewController.swift */,
				424427DC240ED4E400876680 /* DatosFisicosViewController.swift */,
				424427DE240EDC8100876680 /* RegisterViewController.swift */,
			);
			path = Profile;
			sourceTree = "<group>";
		};
		7D56BBD223F46EB400E1080A = {
			isa = PBXGroup;
			children = (
				7D56BBDD23F46EB400E1080A /* RunTracker */,
				7D56BBDC23F46EB400E1080A /* Products */,
				071A6E6B6EBF9CE34EF49154 /* Pods */,
				29B3A2BDA82AFAA0EB6CFCD3 /* Frameworks */,
			);
			sourceTree = "<group>";
		};
		7D56BBDC23F46EB400E1080A /* Products */ = {
			isa = PBXGroup;
			children = (
				7D56BBDB23F46EB400E1080A /* RunTracker.app */,
			);
			name = Products;
			sourceTree = "<group>";
		};
		7D56BBDD23F46EB400E1080A /* RunTracker */ = {
			isa = PBXGroup;
			children = (
				7DBD07C22406F7A400B68FC4 /* Historial */,
				C7F991BA240FFCDB000AB3AB /* Sonidos */,
				C732EE8E240FEE70006715A9 /* Utils */,
				C72AB1672406B09D0038B05F /* Opciones */,
				424D6E1024045771007CB6C2 /* Profile */,
				7D81ACEE23FD8D69008DADF9 /* Ubication */,
				7D56BBDE23F46EB400E1080A /* AppDelegate.swift */,
				7D56BBE023F46EB400E1080A /* SceneDelegate.swift */,
				7D56BBE223F46EB400E1080A /* ViewController.swift */,
				7D56BBE423F46EB400E1080A /* Main.storyboard */,
				7D56BBEA23F46EB500E1080A /* Assets.xcassets */,
				7D56BBEC23F46EB500E1080A /* LaunchScreen.storyboard */,
				7D56BBEF23F46EB500E1080A /* Info.plist */,
				7D81ACF423FDAFC1008DADF9 /* Ruta.xcdatamodeld */,
				424427DA240EC9A200876680 /* UIViewControllerExtension.swift */,
			);
			path = RunTracker;
			sourceTree = "<group>";
		};
		7D81ACEE23FD8D69008DADF9 /* Ubication */ = {
			isa = PBXGroup;
			children = (
				7D56BBF523F477DE00E1080A /* MapController.swift */,
				7D81ACEF23FD8DE5008DADF9 /* Place.swift */,
				7DBD07BD2406D38200B68FC4 /* Training.swift */,
			);
			path = Ubication;
			sourceTree = "<group>";
		};
		7DBD07C22406F7A400B68FC4 /* Historial */ = {
			isa = PBXGroup;
			children = (
				7DBD07BF2406E88A00B68FC4 /* HistorialViewController.swift */,
				7DBD07C32406FD0500B68FC4 /* DetailViewController.swift */,
			);
			path = Historial;
			sourceTree = "<group>";
		};
		C72AB1672406B09D0038B05F /* Opciones */ = {
			isa = PBXGroup;
			children = (
				C735205B2406C523001D313B /* SettingsController.swift */,
				C73520602406F035001D313B /* CadenciaController.swift */,
				C73520622406F4DB001D313B /* IntervalosController.swift */,
				C73520642406F52C001D313B /* PrecisionController.swift */,
				C73520662406F693001D313B /* BandaController.swift */,
			);
			path = Opciones;
			sourceTree = "<group>";
		};
		C732EE8E240FEE70006715A9 /* Utils */ = {
			isa = PBXGroup;
			children = (
				C732EE8F240FEE89006715A9 /* Sonidos.swift */,
			);
			path = Utils;
			sourceTree = "<group>";
		};
		C7F991BA240FFCDB000AB3AB /* Sonidos */ = {
			isa = PBXGroup;
			children = (
				C7F991BB240FFCDB000AB3AB /* fast-action.mp3 */,
				C7F991BC240FFCDB000AB3AB /* iphone_notification.mp3 */,
				C7F991BD240FFCDB000AB3AB /* eventually.mp3 */,
			);
			path = Sonidos;
			sourceTree = "<group>";
		};
/* End PBXGroup section */

/* Begin PBXNativeTarget section */
		7D56BBDA23F46EB400E1080A /* RunTracker */ = {
			isa = PBXNativeTarget;
			buildConfigurationList = 7D56BBF223F46EB500E1080A /* Build configuration list for PBXNativeTarget "RunTracker" */;
			buildPhases = (
				53910F5D9D0B3B5460338C71 /* [CP] Check Pods Manifest.lock */,
				7D56BBD723F46EB400E1080A /* Sources */,
				7D56BBD823F46EB400E1080A /* Frameworks */,
				7D56BBD923F46EB400E1080A /* Resources */,
				A7D39AC51C6411365FB7D2B0 /* [CP] Embed Pods Frameworks */,
			);
			buildRules = (
			);
			dependencies = (
			);
			name = RunTracker;
			productName = RunTracker;
			productReference = 7D56BBDB23F46EB400E1080A /* RunTracker.app */;
			productType = "com.apple.product-type.application";
		};
/* End PBXNativeTarget section */

/* Begin PBXProject section */
		7D56BBD323F46EB400E1080A /* Project object */ = {
			isa = PBXProject;
			attributes = {
				LastSwiftUpdateCheck = 1130;
				LastUpgradeCheck = 1130;
				ORGANIZATIONNAME = "Jonay Gilabert López";
				TargetAttributes = {
					7D56BBDA23F46EB400E1080A = {
						CreatedOnToolsVersion = 11.3;
					};
				};
			};
			buildConfigurationList = 7D56BBD623F46EB400E1080A /* Build configuration list for PBXProject "RunTracker" */;
			compatibilityVersion = "Xcode 9.3";
			developmentRegion = en;
			hasScannedForEncodings = 0;
			knownRegions = (
				en,
				Base,
			);
			mainGroup = 7D56BBD223F46EB400E1080A;
			productRefGroup = 7D56BBDC23F46EB400E1080A /* Products */;
			projectDirPath = "";
			projectRoot = "";
			targets = (
				7D56BBDA23F46EB400E1080A /* RunTracker */,
			);
		};
/* End PBXProject section */

/* Begin PBXResourcesBuildPhase section */
		7D56BBD923F46EB400E1080A /* Resources */ = {
			isa = PBXResourcesBuildPhase;
			buildActionMask = 2147483647;
			files = (
				C7F991BF240FFCDB000AB3AB /* iphone_notification.mp3 in Resources */,
				7D56BBEE23F46EB500E1080A /* LaunchScreen.storyboard in Resources */,
				7D56BBEB23F46EB500E1080A /* Assets.xcassets in Resources */,
				C7F991C0240FFCDB000AB3AB /* eventually.mp3 in Resources */,
				C7F991BE240FFCDB000AB3AB /* fast-action.mp3 in Resources */,
				7D56BBE623F46EB400E1080A /* Main.storyboard in Resources */,
			);
			runOnlyForDeploymentPostprocessing = 0;
		};
/* End PBXResourcesBuildPhase section */

/* Begin PBXShellScriptBuildPhase section */
		53910F5D9D0B3B5460338C71 /* [CP] Check Pods Manifest.lock */ = {
			isa = PBXShellScriptBuildPhase;
			buildActionMask = 2147483647;
			files = (
			);
			inputFileListPaths = (
			);
			inputPaths = (
				"${PODS_PODFILE_DIR_PATH}/Podfile.lock",
				"${PODS_ROOT}/Manifest.lock",
			);
			name = "[CP] Check Pods Manifest.lock";
			outputFileListPaths = (
			);
			outputPaths = (
				"$(DERIVED_FILE_DIR)/Pods-RunTracker-checkManifestLockResult.txt",
			);
			runOnlyForDeploymentPostprocessing = 0;
			shellPath = /bin/sh;
			shellScript = "diff \"${PODS_PODFILE_DIR_PATH}/Podfile.lock\" \"${PODS_ROOT}/Manifest.lock\" > /dev/null\nif [ $? != 0 ] ; then\n    # print error to STDERR\n    echo \"error: The sandbox is not in sync with the Podfile.lock. Run 'pod install' or update your CocoaPods installation.\" >&2\n    exit 1\nfi\n# This output is used by Xcode 'outputs' to avoid re-running this script phase.\necho \"SUCCESS\" > \"${SCRIPT_OUTPUT_FILE_0}\"\n";
			showEnvVarsInLog = 0;
		};
		A7D39AC51C6411365FB7D2B0 /* [CP] Embed Pods Frameworks */ = {
			isa = PBXShellScriptBuildPhase;
			buildActionMask = 2147483647;
			files = (
			);
			inputFileListPaths = (
				"${PODS_ROOT}/Target Support Files/Pods-RunTracker/Pods-RunTracker-frameworks-${CONFIGURATION}-input-files.xcfilelist",
			);
			name = "[CP] Embed Pods Frameworks";
			outputFileListPaths = (
				"${PODS_ROOT}/Target Support Files/Pods-RunTracker/Pods-RunTracker-frameworks-${CONFIGURATION}-output-files.xcfilelist",
			);
			runOnlyForDeploymentPostprocessing = 0;
			shellPath = /bin/sh;
			shellScript = "\"${PODS_ROOT}/Target Support Files/Pods-RunTracker/Pods-RunTracker-frameworks.sh\"\n";
			showEnvVarsInLog = 0;
		};
/* End PBXShellScriptBuildPhase section */

/* Begin PBXSourcesBuildPhase section */
		7D56BBD723F46EB400E1080A /* Sources */ = {
			isa = PBXSourcesBuildPhase;
			buildActionMask = 2147483647;
			files = (
				7DBD07C42406FD0500B68FC4 /* DetailViewController.swift in Sources */,
				424427DD240ED4E400876680 /* DatosFisicosViewController.swift in Sources */,
				424427D9240EC88A00876680 /* SignInViewController.swift in Sources */,
				7DBD07BE2406D38200B68FC4 /* Training.swift in Sources */,
				424D6E0F240432D4007CB6C2 /* ProfileController.swift in Sources */,
				C735205C2406C523001D313B /* SettingsController.swift in Sources */,
				424D6E122404593D007CB6C2 /* EditProfileController.swift in Sources */,
				C73520612406F035001D313B /* CadenciaController.swift in Sources */,
				7D56BBE323F46EB400E1080A /* ViewController.swift in Sources */,
				7D56BBDF23F46EB400E1080A /* AppDelegate.swift in Sources */,
				C732EE90240FEE89006715A9 /* Sonidos.swift in Sources */,
				C73520672406F693001D313B /* BandaController.swift in Sources */,
				C73520632406F4DB001D313B /* IntervalosController.swift in Sources */,
				C73520652406F52C001D313B /* PrecisionController.swift in Sources */,
				7D81ACF023FD8DE5008DADF9 /* Place.swift in Sources */,
				7D56BBF623F477DE00E1080A /* MapController.swift in Sources */,
				424427DF240EDC8100876680 /* RegisterViewController.swift in Sources */,
				424427DB240EC9A200876680 /* UIViewControllerExtension.swift in Sources */,
				7D56BBE123F46EB400E1080A /* SceneDelegate.swift in Sources */,
				7DBD07C02406E88A00B68FC4 /* HistorialViewController.swift in Sources */,
				7D81ACF623FDAFC1008DADF9 /* Ruta.xcdatamodeld in Sources */,
			);
			runOnlyForDeploymentPostprocessing = 0;
		};
/* End PBXSourcesBuildPhase section */

/* Begin PBXVariantGroup section */
		7D56BBE423F46EB400E1080A /* Main.storyboard */ = {
			isa = PBXVariantGroup;
			children = (
				7D56BBE523F46EB400E1080A /* Base */,
			);
			name = Main.storyboard;
			sourceTree = "<group>";
		};
		7D56BBEC23F46EB500E1080A /* LaunchScreen.storyboard */ = {
			isa = PBXVariantGroup;
			children = (
				7D56BBED23F46EB500E1080A /* Base */,
			);
			name = LaunchScreen.storyboard;
			sourceTree = "<group>";
		};
/* End PBXVariantGroup section */

/* Begin XCBuildConfiguration section */
		7D56BBF023F46EB500E1080A /* Debug */ = {
			isa = XCBuildConfiguration;
			buildSettings = {
				ALWAYS_SEARCH_USER_PATHS = NO;
				CLANG_ANALYZER_NONNULL = YES;
				CLANG_ANALYZER_NUMBER_OBJECT_CONVERSION = YES_AGGRESSIVE;
				CLANG_CXX_LANGUAGE_STANDARD = "gnu++14";
				CLANG_CXX_LIBRARY = "libc++";
				CLANG_ENABLE_MODULES = YES;
				CLANG_ENABLE_OBJC_ARC = YES;
				CLANG_ENABLE_OBJC_WEAK = YES;
				CLANG_WARN_BLOCK_CAPTURE_AUTORELEASING = YES;
				CLANG_WARN_BOOL_CONVERSION = YES;
				CLANG_WARN_COMMA = YES;
				CLANG_WARN_CONSTANT_CONVERSION = YES;
				CLANG_WARN_DEPRECATED_OBJC_IMPLEMENTATIONS = YES;
				CLANG_WARN_DIRECT_OBJC_ISA_USAGE = YES_ERROR;
				CLANG_WARN_DOCUMENTATION_COMMENTS = YES;
				CLANG_WARN_EMPTY_BODY = YES;
				CLANG_WARN_ENUM_CONVERSION = YES;
				CLANG_WARN_INFINITE_RECURSION = YES;
				CLANG_WARN_INT_CONVERSION = YES;
				CLANG_WARN_NON_LITERAL_NULL_CONVERSION = YES;
				CLANG_WARN_OBJC_IMPLICIT_RETAIN_SELF = YES;
				CLANG_WARN_OBJC_LITERAL_CONVERSION = YES;
				CLANG_WARN_OBJC_ROOT_CLASS = YES_ERROR;
				CLANG_WARN_RANGE_LOOP_ANALYSIS = YES;
				CLANG_WARN_STRICT_PROTOTYPES = YES;
				CLANG_WARN_SUSPICIOUS_MOVE = YES;
				CLANG_WARN_UNGUARDED_AVAILABILITY = YES_AGGRESSIVE;
				CLANG_WARN_UNREACHABLE_CODE = YES;
				CLANG_WARN__DUPLICATE_METHOD_MATCH = YES;
				COPY_PHASE_STRIP = NO;
				DEBUG_INFORMATION_FORMAT = dwarf;
				ENABLE_STRICT_OBJC_MSGSEND = YES;
				ENABLE_TESTABILITY = YES;
				GCC_C_LANGUAGE_STANDARD = gnu11;
				GCC_DYNAMIC_NO_PIC = NO;
				GCC_NO_COMMON_BLOCKS = YES;
				GCC_OPTIMIZATION_LEVEL = 0;
				GCC_PREPROCESSOR_DEFINITIONS = (
					"DEBUG=1",
					"$(inherited)",
				);
				GCC_WARN_64_TO_32_BIT_CONVERSION = YES;
				GCC_WARN_ABOUT_RETURN_TYPE = YES_ERROR;
				GCC_WARN_UNDECLARED_SELECTOR = YES;
				GCC_WARN_UNINITIALIZED_AUTOS = YES_AGGRESSIVE;
				GCC_WARN_UNUSED_FUNCTION = YES;
				GCC_WARN_UNUSED_VARIABLE = YES;
				IPHONEOS_DEPLOYMENT_TARGET = 13.2;
				MTL_ENABLE_DEBUG_INFO = INCLUDE_SOURCE;
				MTL_FAST_MATH = YES;
				ONLY_ACTIVE_ARCH = YES;
				SDKROOT = iphoneos;
				SWIFT_ACTIVE_COMPILATION_CONDITIONS = DEBUG;
				SWIFT_OPTIMIZATION_LEVEL = "-Onone";
			};
			name = Debug;
		};
		7D56BBF123F46EB500E1080A /* Release */ = {
			isa = XCBuildConfiguration;
			buildSettings = {
				ALWAYS_SEARCH_USER_PATHS = NO;
				CLANG_ANALYZER_NONNULL = YES;
				CLANG_ANALYZER_NUMBER_OBJECT_CONVERSION = YES_AGGRESSIVE;
				CLANG_CXX_LANGUAGE_STANDARD = "gnu++14";
				CLANG_CXX_LIBRARY = "libc++";
				CLANG_ENABLE_MODULES = YES;
				CLANG_ENABLE_OBJC_ARC = YES;
				CLANG_ENABLE_OBJC_WEAK = YES;
				CLANG_WARN_BLOCK_CAPTURE_AUTORELEASING = YES;
				CLANG_WARN_BOOL_CONVERSION = YES;
				CLANG_WARN_COMMA = YES;
				CLANG_WARN_CONSTANT_CONVERSION = YES;
				CLANG_WARN_DEPRECATED_OBJC_IMPLEMENTATIONS = YES;
				CLANG_WARN_DIRECT_OBJC_ISA_USAGE = YES_ERROR;
				CLANG_WARN_DOCUMENTATION_COMMENTS = YES;
				CLANG_WARN_EMPTY_BODY = YES;
				CLANG_WARN_ENUM_CONVERSION = YES;
				CLANG_WARN_INFINITE_RECURSION = YES;
				CLANG_WARN_INT_CONVERSION = YES;
				CLANG_WARN_NON_LITERAL_NULL_CONVERSION = YES;
				CLANG_WARN_OBJC_IMPLICIT_RETAIN_SELF = YES;
				CLANG_WARN_OBJC_LITERAL_CONVERSION = YES;
				CLANG_WARN_OBJC_ROOT_CLASS = YES_ERROR;
				CLANG_WARN_RANGE_LOOP_ANALYSIS = YES;
				CLANG_WARN_STRICT_PROTOTYPES = YES;
				CLANG_WARN_SUSPICIOUS_MOVE = YES;
				CLANG_WARN_UNGUARDED_AVAILABILITY = YES_AGGRESSIVE;
				CLANG_WARN_UNREACHABLE_CODE = YES;
				CLANG_WARN__DUPLICATE_METHOD_MATCH = YES;
				COPY_PHASE_STRIP = NO;
				DEBUG_INFORMATION_FORMAT = "dwarf-with-dsym";
				ENABLE_NS_ASSERTIONS = NO;
				ENABLE_STRICT_OBJC_MSGSEND = YES;
				GCC_C_LANGUAGE_STANDARD = gnu11;
				GCC_NO_COMMON_BLOCKS = YES;
				GCC_WARN_64_TO_32_BIT_CONVERSION = YES;
				GCC_WARN_ABOUT_RETURN_TYPE = YES_ERROR;
				GCC_WARN_UNDECLARED_SELECTOR = YES;
				GCC_WARN_UNINITIALIZED_AUTOS = YES_AGGRESSIVE;
				GCC_WARN_UNUSED_FUNCTION = YES;
				GCC_WARN_UNUSED_VARIABLE = YES;
				IPHONEOS_DEPLOYMENT_TARGET = 13.2;
				MTL_ENABLE_DEBUG_INFO = NO;
				MTL_FAST_MATH = YES;
				SDKROOT = iphoneos;
				SWIFT_COMPILATION_MODE = wholemodule;
				SWIFT_OPTIMIZATION_LEVEL = "-O";
				VALIDATE_PRODUCT = YES;
			};
			name = Release;
		};
		7D56BBF323F46EB500E1080A /* Debug */ = {
			isa = XCBuildConfiguration;
			baseConfigurationReference = C5A5ADA0EC1D350BE627E853 /* Pods-RunTracker.debug.xcconfig */;
			buildSettings = {
				ASSETCATALOG_COMPILER_APPICON_NAME = AppIcon;
				CODE_SIGN_STYLE = Automatic;
				DEVELOPMENT_TEAM = UFMUT72B35;
				INFOPLIST_FILE = RunTracker/Info.plist;
				IPHONEOS_DEPLOYMENT_TARGET = 13.1;
				LD_RUNPATH_SEARCH_PATHS = (
					"$(inherited)",
					"@executable_path/Frameworks",
				);
				PRODUCT_BUNDLE_IDENTIFIER = com.jgl58.RunTracker;
				PRODUCT_NAME = "$(TARGET_NAME)";
				SWIFT_OBJC_BRIDGING_HEADER = "";
				SWIFT_VERSION = 5.0;
				TARGETED_DEVICE_FAMILY = "1,2";
			};
			name = Debug;
		};
		7D56BBF423F46EB500E1080A /* Release */ = {
			isa = XCBuildConfiguration;
			baseConfigurationReference = 8C8C1D5831741C00B889804D /* Pods-RunTracker.release.xcconfig */;
			buildSettings = {
				ASSETCATALOG_COMPILER_APPICON_NAME = AppIcon;
				CODE_SIGN_STYLE = Automatic;
				DEVELOPMENT_TEAM = UFMUT72B35;
				INFOPLIST_FILE = RunTracker/Info.plist;
				IPHONEOS_DEPLOYMENT_TARGET = 13.1;
				LD_RUNPATH_SEARCH_PATHS = (
					"$(inherited)",
					"@executable_path/Frameworks",
				);
				PRODUCT_BUNDLE_IDENTIFIER = com.jgl58.RunTracker;
				PRODUCT_NAME = "$(TARGET_NAME)";
				SWIFT_OBJC_BRIDGING_HEADER = "";
				SWIFT_VERSION = 5.0;
				TARGETED_DEVICE_FAMILY = "1,2";
			};
			name = Release;
		};
/* End XCBuildConfiguration section */

/* Begin XCConfigurationList section */
		7D56BBD623F46EB400E1080A /* Build configuration list for PBXProject "RunTracker" */ = {
			isa = XCConfigurationList;
			buildConfigurations = (
				7D56BBF023F46EB500E1080A /* Debug */,
				7D56BBF123F46EB500E1080A /* Release */,
			);
			defaultConfigurationIsVisible = 0;
			defaultConfigurationName = Release;
		};
		7D56BBF223F46EB500E1080A /* Build configuration list for PBXNativeTarget "RunTracker" */ = {
			isa = XCConfigurationList;
			buildConfigurations = (
				7D56BBF323F46EB500E1080A /* Debug */,
				7D56BBF423F46EB500E1080A /* Release */,
			);
			defaultConfigurationIsVisible = 0;
			defaultConfigurationName = Release;
		};
/* End XCConfigurationList section */

/* Begin XCVersionGroup section */
		7D81ACF423FDAFC1008DADF9 /* Ruta.xcdatamodeld */ = {
			isa = XCVersionGroup;
			children = (
				7D81ACF523FDAFC1008DADF9 /* Ruta.xcdatamodel */,
			);
			currentVersion = 7D81ACF523FDAFC1008DADF9 /* Ruta.xcdatamodel */;
			path = Ruta.xcdatamodeld;
			sourceTree = "<group>";
			versionGroupType = wrapper.xcdatamodel;
		};
/* End XCVersionGroup section */
	};
	rootObject = 7D56BBD323F46EB400E1080A /* Project object */;
}
